
Microsoft Visual Studio Solution File, Format Version 12.00
# Visual Studio Version 17
VisualStudioVersion = 17.8.34330.188
MinimumVisualStudioVersion = 10.0.40219.1
Project("{F184B08F-C81C-45F6-A57F-5ABD9991F28F}") = "WindowsApp1", "WindowsApp1.vbproj", "{A5EAE63B-711D-49D0-96D8-62D2A81DFF97}"
EndProject
Global
	GlobalSection(SolutionConfigurationPlatforms) = preSolution
		Debug|Any CPU = Debug|Any CPU
		Release|Any CPU = Release|Any CPU
	EndGlobalSection
	GlobalSection(ProjectConfigurationPlatforms) = postSolution
		{A5EAE63B-711D-49D0-96D8-62D2A81DFF97}.Debug|Any CPU.ActiveCfg = Debug|Any CPU
		{A5EAE63B-711D-49D0-96D8-62D2A81DFF97}.Debug|Any CPU.Build.0 = Debug|Any CPU
		{A5EAE63B-711D-49D0-96D8-62D2A81DFF97}.Release|Any CPU.ActiveCfg = Release|Any CPU
		{A5EAE63B-711D-49D0-96D8-62D2A81DFF97}.Release|Any CPU.Build.0 = Release|Any CPU
	EndGlobalSection
	GlobalSection(SolutionProperties) = preSolution
		HideSolutionNode = FALSE
	EndGlobalSection
	GlobalSection(ExtensibilityGlobals) = postSolution
		SolutionGuid = {52CCC753-053A-4F1A-886D-3AC6C78199BB}
	EndGlobalSection
EndGlobal
