
Microsoft Visual Studio Solution File, Format Version 12.00
# Visual Studio Version 17
VisualStudioVersion = 17.8.34330.188
MinimumVisualStudioVersion = 10.0.40219.1
Project("{FAE04EC0-301F-11D3-BF4B-00C04F79EFBC}") = "Laborator3", "Laborator3.csproj", "{5A615195-2374-4675-8102-3871B818AA56}"
EndProject
Global
	GlobalSection(SolutionConfigurationPlatforms) = preSolution
		Debug|Any CPU = Debug|Any CPU
		Release|Any CPU = Release|Any CPU
	EndGlobalSection
	GlobalSection(ProjectConfigurationPlatforms) = postSolution
		{5A615195-2374-4675-8102-3871B818AA56}.Debug|Any CPU.ActiveCfg = Debug|Any CPU
		{5A615195-2374-4675-8102-3871B818AA56}.Debug|Any CPU.Build.0 = Debug|Any CPU
		{5A615195-2374-4675-8102-3871B818AA56}.Release|Any CPU.ActiveCfg = Release|Any CPU
		{5A615195-2374-4675-8102-3871B818AA56}.Release|Any CPU.Build.0 = Release|Any CPU
	EndGlobalSection
	GlobalSection(SolutionProperties) = preSolution
		HideSolutionNode = FALSE
	EndGlobalSection
	GlobalSection(ExtensibilityGlobals) = postSolution
		SolutionGuid = {62C7072B-5A42-403C-9A58-E8A9D240DCF9}
	EndGlobalSection
EndGlobal
